// !$*UTF8*$!
{
	archiveVersion = 1;
	classes = {
	};
	objectVersion = 46;
	objects = {

/* Begin PBXBuildFile section */
		0F99B841193F995800097873 /* series.plist in Resources */ = {isa = PBXBuildFile; fileRef = 0F99B840193F995800097873 /* series.plist */; };
		360EF1ED1937CC82007FB699 /* Foundation.framework in Frameworks */ = {isa = PBXBuildFile; fileRef = 360EF1EC1937CC82007FB699 /* Foundation.framework */; };
		360EF1EF1937CC82007FB699 /* CoreGraphics.framework in Frameworks */ = {isa = PBXBuildFile; fileRef = 360EF1EE1937CC82007FB699 /* CoreGraphics.framework */; };
		360EF1F11937CC82007FB699 /* UIKit.framework in Frameworks */ = {isa = PBXBuildFile; fileRef = 360EF1F01937CC82007FB699 /* UIKit.framework */; };
		360EF1F71937CC82007FB699 /* InfoPlist.strings in Resources */ = {isa = PBXBuildFile; fileRef = 360EF1F51937CC82007FB699 /* InfoPlist.strings */; };
		360EF1F91937CC82007FB699 /* main.m in Sources */ = {isa = PBXBuildFile; fileRef = 360EF1F81937CC82007FB699 /* main.m */; };
		360EF1FD1937CC82007FB699 /* G4LAppDelegate.m in Sources */ = {isa = PBXBuildFile; fileRef = 360EF1FC1937CC82007FB699 /* G4LAppDelegate.m */; };
		360EF1FF1937CC82007FB699 /* Images.xcassets in Resources */ = {isa = PBXBuildFile; fileRef = 360EF1FE1937CC82007FB699 /* Images.xcassets */; };
		360EF2061937CC82007FB699 /* XCTest.framework in Frameworks */ = {isa = PBXBuildFile; fileRef = 360EF2051937CC82007FB699 /* XCTest.framework */; };
		360EF2071937CC82007FB699 /* Foundation.framework in Frameworks */ = {isa = PBXBuildFile; fileRef = 360EF1EC1937CC82007FB699 /* Foundation.framework */; };
		360EF2081937CC82007FB699 /* UIKit.framework in Frameworks */ = {isa = PBXBuildFile; fileRef = 360EF1F01937CC82007FB699 /* UIKit.framework */; };
		360EF2101937CC82007FB699 /* InfoPlist.strings in Resources */ = {isa = PBXBuildFile; fileRef = 360EF20E1937CC82007FB699 /* InfoPlist.strings */; };
		360EF2121937CC82007FB699 /* gym4lifeTests.m in Sources */ = {isa = PBXBuildFile; fileRef = 360EF2111937CC82007FB699 /* gym4lifeTests.m */; };
		360EF21E1937CCCD007FB699 /* G4LViewPrincipal.m in Sources */ = {isa = PBXBuildFile; fileRef = 360EF21C1937CCCD007FB699 /* G4LViewPrincipal.m */; };
		360EF21F1937CCCD007FB699 /* G4LViewPrincipal.xib in Resources */ = {isa = PBXBuildFile; fileRef = 360EF21D1937CCCD007FB699 /* G4LViewPrincipal.xib */; };
		360EF2221937D289007FB699 /* G4LSeries.m in Sources */ = {isa = PBXBuildFile; fileRef = 360EF2211937D289007FB699 /* G4LSeries.m */; };
		360EF2251937D2AF007FB699 /* G4LExercicio.m in Sources */ = {isa = PBXBuildFile; fileRef = 360EF2241937D2AF007FB699 /* G4LExercicio.m */; };
		43F75F37194F7EF200B4704A /* G4LMostraSerie.m in Sources */ = {isa = PBXBuildFile; fileRef = 43F75F34194F7EF200B4704A /* G4LMostraSerie.m */; };
		43F75F38194F7EF200B4704A /* G4LMostraSerie.xib in Resources */ = {isa = PBXBuildFile; fileRef = 43F75F35194F7EF200B4704A /* G4LMostraSerie.xib */; };
		43F75F42194F7EFC00B4704A /* G4LViewConfig.m in Sources */ = {isa = PBXBuildFile; fileRef = 43F75F3A194F7EFC00B4704A /* G4LViewConfig.m */; };
		43F75F43194F7EFC00B4704A /* G4LViewConfig.xib in Resources */ = {isa = PBXBuildFile; fileRef = 43F75F3B194F7EFC00B4704A /* G4LViewConfig.xib */; };
		43F75F44194F7EFC00B4704A /* G4LViewConfigHora.m in Sources */ = {isa = PBXBuildFile; fileRef = 43F75F3D194F7EFC00B4704A /* G4LViewConfigHora.m */; };
		43F75F45194F7EFC00B4704A /* G4LViewConfigHora.xib in Resources */ = {isa = PBXBuildFile; fileRef = 43F75F3E194F7EFC00B4704A /* G4LViewConfigHora.xib */; };
		43F75F46194F7EFC00B4704A /* G4LViewControllerSerie.m in Sources */ = {isa = PBXBuildFile; fileRef = 43F75F40194F7EFC00B4704A /* G4LViewControllerSerie.m */; };
		43F75F47194F7EFC00B4704A /* G4LViewControllerSerie.xib in Resources */ = {isa = PBXBuildFile; fileRef = 43F75F41194F7EFC00B4704A /* G4LViewControllerSerie.xib */; };
		F207D111196F5913009DEE99 /* exercicio_teste.jpg in Resources */ = {isa = PBXBuildFile; fileRef = F207D110196F5913009DEE99 /* exercicio_teste.jpg */; };
		F2913A841965E18300D7BD71 /* numeroSerieEscolhida.plist in Resources */ = {isa = PBXBuildFile; fileRef = F2913A831965E18300D7BD71 /* numeroSerieEscolhida.plist */; };
		F2B21FF4196F81C400E021D5 /* S1_abducaoombro_5.png in Resources */ = {isa = PBXBuildFile; fileRef = F2B21FED196F81C400E021D5 /* S1_abducaoombro_5.png */; };
		F2B21FF5196F81C400E021D5 /* S1_cruzarbracos_4.png in Resources */ = {isa = PBXBuildFile; fileRef = F2B21FEE196F81C400E021D5 /* S1_cruzarbracos_4.png */; };
		F2B21FF6196F81C400E021D5 /* S1_espreguicar_1.png in Resources */ = {isa = PBXBuildFile; fileRef = F2B21FEF196F81C400E021D5 /* S1_espreguicar_1.png */; };
		F2B21FF7196F81C400E021D5 /* S1_flexaotronco_6_v2.png in Resources */ = {isa = PBXBuildFile; fileRef = F2B21FF0196F81C400E021D5 /* S1_flexaotronco_6_v2.png */; };
		F2B21FF8196F81C400E021D5 /* S1_inclinacaocabeca_3.png in Resources */ = {isa = PBXBuildFile; fileRef = F2B21FF1196F81C400E021D5 /* S1_inclinacaocabeca_3.png */; };
		F2B21FF9196F81C400E021D5 /* S1_rotacaocabeca_2.png in Resources */ = {isa = PBXBuildFile; fileRef = F2B21FF2196F81C400E021D5 /* S1_rotacaocabeca_2.png */; };
		F2B21FFA196F81C400E021D5 /* S1_rotacaotronco_7.png in Resources */ = {isa = PBXBuildFile; fileRef = F2B21FF3196F81C400E021D5 /* S1_rotacaotronco_7.png */; };
		F2B21FFE196F9DF100E021D5 /* G4LSerieCell.m in Sources */ = {isa = PBXBuildFile; fileRef = F2B21FFC196F9DF100E021D5 /* G4LSerieCell.m */; };
		F2B21FFF196F9DF100E021D5 /* G4LSerieCell.xib in Resources */ = {isa = PBXBuildFile; fileRef = F2B21FFD196F9DF100E021D5 /* G4LSerieCell.xib */; };
		F2B22015196FB5D400E021D5 /* S2_bracoalternado_4.png in Resources */ = {isa = PBXBuildFile; fileRef = F2B2200E196FB5D400E021D5 /* S2_bracoalternado_4.png */; };
		F2B22016196FB5D400E021D5 /* S2_deslocamentolateral_5.png in Resources */ = {isa = PBXBuildFile; fileRef = F2B2200F196FB5D400E021D5 /* S2_deslocamentolateral_5.png */; };
		F2B22017196FB5D400E021D5 /* S2_espreguicar_1.png in Resources */ = {isa = PBXBuildFile; fileRef = F2B22010196FB5D400E021D5 /* S2_espreguicar_1.png */; };
		F2B22018196FB5D400E021D5 /* S2_flexaobraco_6.png in Resources */ = {isa = PBXBuildFile; fileRef = F2B22011196FB5D400E021D5 /* S2_flexaobraco_6.png */; };
		F2B22019196FB5D400E021D5 /* S2_flexaolateral_3.png in Resources */ = {isa = PBXBuildFile; fileRef = F2B22012196FB5D400E021D5 /* S2_flexaolateral_3.png */; };
		F2B2201A196FB5D400E021D5 /* S2_variacaoextensaopulso_2_V2.png in Resources */ = {isa = PBXBuildFile; fileRef = F2B22013196FB5D400E021D5 /* S2_variacaoextensaopulso_2_V2.png */; };
		F2B2201B196FB5D400E021D5 /* S2_variacaoextensaopulso_2.png in Resources */ = {isa = PBXBuildFile; fileRef = F2B22014196FB5D400E021D5 /* S2_variacaoextensaopulso_2.png */; };
/* End PBXBuildFile section */

/* Begin PBXContainerItemProxy section */
		360EF2091937CC82007FB699 /* PBXContainerItemProxy */ = {
			isa = PBXContainerItemProxy;
			containerPortal = 360EF1E11937CC82007FB699 /* Project object */;
			proxyType = 1;
			remoteGlobalIDString = 360EF1E81937CC82007FB699;
			remoteInfo = gym4life;
		};
/* End PBXContainerItemProxy section */

/* Begin PBXFileReference section */
		0F99B840193F995800097873 /* series.plist */ = {isa = PBXFileReference; fileEncoding = 4; lastKnownFileType = text.plist.xml; path = series.plist; sourceTree = "<group>"; };
		360EF1E91937CC82007FB699 /* gym4life.app */ = {isa = PBXFileReference; explicitFileType = wrapper.application; includeInIndex = 0; path = gym4life.app; sourceTree = BUILT_PRODUCTS_DIR; };
		360EF1EC1937CC82007FB699 /* Foundation.framework */ = {isa = PBXFileReference; lastKnownFileType = wrapper.framework; name = Foundation.framework; path = System/Library/Frameworks/Foundation.framework; sourceTree = SDKROOT; };
		360EF1EE1937CC82007FB699 /* CoreGraphics.framework */ = {isa = PBXFileReference; lastKnownFileType = wrapper.framework; name = CoreGraphics.framework; path = System/Library/Frameworks/CoreGraphics.framework; sourceTree = SDKROOT; };
		360EF1F01937CC82007FB699 /* UIKit.framework */ = {isa = PBXFileReference; lastKnownFileType = wrapper.framework; name = UIKit.framework; path = System/Library/Frameworks/UIKit.framework; sourceTree = SDKROOT; };
		360EF1F41937CC82007FB699 /* gym4life-Info.plist */ = {isa = PBXFileReference; lastKnownFileType = text.plist.xml; path = "gym4life-Info.plist"; sourceTree = "<group>"; };
		360EF1F61937CC82007FB699 /* en */ = {isa = PBXFileReference; lastKnownFileType = text.plist.strings; name = en; path = en.lproj/InfoPlist.strings; sourceTree = "<group>"; };
		360EF1F81937CC82007FB699 /* main.m */ = {isa = PBXFileReference; lastKnownFileType = sourcecode.c.objc; path = main.m; sourceTree = "<group>"; };
		360EF1FA1937CC82007FB699 /* gym4life-Prefix.pch */ = {isa = PBXFileReference; lastKnownFileType = sourcecode.c.h; path = "gym4life-Prefix.pch"; sourceTree = "<group>"; };
		360EF1FB1937CC82007FB699 /* G4LAppDelegate.h */ = {isa = PBXFileReference; lastKnownFileType = sourcecode.c.h; path = G4LAppDelegate.h; sourceTree = "<group>"; };
		360EF1FC1937CC82007FB699 /* G4LAppDelegate.m */ = {isa = PBXFileReference; lastKnownFileType = sourcecode.c.objc; path = G4LAppDelegate.m; sourceTree = "<group>"; };
		360EF1FE1937CC82007FB699 /* Images.xcassets */ = {isa = PBXFileReference; lastKnownFileType = folder.assetcatalog; path = Images.xcassets; sourceTree = "<group>"; };
		360EF2041937CC82007FB699 /* gym4lifeTests.xctest */ = {isa = PBXFileReference; explicitFileType = wrapper.cfbundle; includeInIndex = 0; path = gym4lifeTests.xctest; sourceTree = BUILT_PRODUCTS_DIR; };
		360EF2051937CC82007FB699 /* XCTest.framework */ = {isa = PBXFileReference; lastKnownFileType = wrapper.framework; name = XCTest.framework; path = Library/Frameworks/XCTest.framework; sourceTree = DEVELOPER_DIR; };
		360EF20D1937CC82007FB699 /* gym4lifeTests-Info.plist */ = {isa = PBXFileReference; lastKnownFileType = text.plist.xml; path = "gym4lifeTests-Info.plist"; sourceTree = "<group>"; };
		360EF20F1937CC82007FB699 /* en */ = {isa = PBXFileReference; lastKnownFileType = text.plist.strings; name = en; path = en.lproj/InfoPlist.strings; sourceTree = "<group>"; };
		360EF2111937CC82007FB699 /* gym4lifeTests.m */ = {isa = PBXFileReference; lastKnownFileType = sourcecode.c.objc; path = gym4lifeTests.m; sourceTree = "<group>"; };
		360EF21B1937CCCD007FB699 /* G4LViewPrincipal.h */ = {isa = PBXFileReference; fileEncoding = 4; lastKnownFileType = sourcecode.c.h; path = G4LViewPrincipal.h; sourceTree = "<group>"; };
		360EF21C1937CCCD007FB699 /* G4LViewPrincipal.m */ = {isa = PBXFileReference; fileEncoding = 4; lastKnownFileType = sourcecode.c.objc; path = G4LViewPrincipal.m; sourceTree = "<group>"; };
		360EF21D1937CCCD007FB699 /* G4LViewPrincipal.xib */ = {isa = PBXFileReference; fileEncoding = 4; lastKnownFileType = file.xib; path = G4LViewPrincipal.xib; sourceTree = "<group>"; };
		360EF2201937D289007FB699 /* G4LSeries.h */ = {isa = PBXFileReference; fileEncoding = 4; lastKnownFileType = sourcecode.c.h; path = G4LSeries.h; sourceTree = "<group>"; };
		360EF2211937D289007FB699 /* G4LSeries.m */ = {isa = PBXFileReference; fileEncoding = 4; lastKnownFileType = sourcecode.c.objc; path = G4LSeries.m; sourceTree = "<group>"; };
		360EF2231937D2AF007FB699 /* G4LExercicio.h */ = {isa = PBXFileReference; fileEncoding = 4; lastKnownFileType = sourcecode.c.h; path = G4LExercicio.h; sourceTree = "<group>"; };
		360EF2241937D2AF007FB699 /* G4LExercicio.m */ = {isa = PBXFileReference; fileEncoding = 4; lastKnownFileType = sourcecode.c.objc; path = G4LExercicio.m; sourceTree = "<group>"; };
		43F75F33194F7EF200B4704A /* G4LMostraSerie.h */ = {isa = PBXFileReference; fileEncoding = 4; lastKnownFileType = sourcecode.c.h; path = G4LMostraSerie.h; sourceTree = "<group>"; };
		43F75F34194F7EF200B4704A /* G4LMostraSerie.m */ = {isa = PBXFileReference; fileEncoding = 4; lastKnownFileType = sourcecode.c.objc; path = G4LMostraSerie.m; sourceTree = "<group>"; };
		43F75F35194F7EF200B4704A /* G4LMostraSerie.xib */ = {isa = PBXFileReference; fileEncoding = 4; lastKnownFileType = file.xib; path = G4LMostraSerie.xib; sourceTree = "<group>"; };
		43F75F36194F7EF200B4704A /* G4LSerie.h */ = {isa = PBXFileReference; fileEncoding = 4; lastKnownFileType = sourcecode.c.h; path = G4LSerie.h; sourceTree = "<group>"; };
		43F75F39194F7EFC00B4704A /* G4LViewConfig.h */ = {isa = PBXFileReference; fileEncoding = 4; lastKnownFileType = sourcecode.c.h; path = G4LViewConfig.h; sourceTree = "<group>"; };
		43F75F3A194F7EFC00B4704A /* G4LViewConfig.m */ = {isa = PBXFileReference; fileEncoding = 4; lastKnownFileType = sourcecode.c.objc; path = G4LViewConfig.m; sourceTree = "<group>"; };
		43F75F3B194F7EFC00B4704A /* G4LViewConfig.xib */ = {isa = PBXFileReference; fileEncoding = 4; lastKnownFileType = file.xib; path = G4LViewConfig.xib; sourceTree = "<group>"; };
		43F75F3C194F7EFC00B4704A /* G4LViewConfigHora.h */ = {isa = PBXFileReference; fileEncoding = 4; lastKnownFileType = sourcecode.c.h; path = G4LViewConfigHora.h; sourceTree = "<group>"; };
		43F75F3D194F7EFC00B4704A /* G4LViewConfigHora.m */ = {isa = PBXFileReference; fileEncoding = 4; lastKnownFileType = sourcecode.c.objc; path = G4LViewConfigHora.m; sourceTree = "<group>"; };
		43F75F3E194F7EFC00B4704A /* G4LViewConfigHora.xib */ = {isa = PBXFileReference; fileEncoding = 4; lastKnownFileType = file.xib; path = G4LViewConfigHora.xib; sourceTree = "<group>"; };
		43F75F3F194F7EFC00B4704A /* G4LViewControllerSerie.h */ = {isa = PBXFileReference; fileEncoding = 4; lastKnownFileType = sourcecode.c.h; path = G4LViewControllerSerie.h; sourceTree = "<group>"; };
		43F75F40194F7EFC00B4704A /* G4LViewControllerSerie.m */ = {isa = PBXFileReference; fileEncoding = 4; lastKnownFileType = sourcecode.c.objc; path = G4LViewControllerSerie.m; sourceTree = "<group>"; };
		43F75F41194F7EFC00B4704A /* G4LViewControllerSerie.xib */ = {isa = PBXFileReference; fileEncoding = 4; lastKnownFileType = file.xib; path = G4LViewControllerSerie.xib; sourceTree = "<group>"; };
		F207D110196F5913009DEE99 /* exercicio_teste.jpg */ = {isa = PBXFileReference; lastKnownFileType = image.jpeg; path = exercicio_teste.jpg; sourceTree = "<group>"; };
		F2913A831965E18300D7BD71 /* numeroSerieEscolhida.plist */ = {isa = PBXFileReference; fileEncoding = 4; lastKnownFileType = text.plist.xml; path = numeroSerieEscolhida.plist; sourceTree = "<group>"; };
		F2B21FED196F81C400E021D5 /* S1_abducaoombro_5.png */ = {isa = PBXFileReference; lastKnownFileType = image.png; path = S1_abducaoombro_5.png; sourceTree = "<group>"; };
		F2B21FEE196F81C400E021D5 /* S1_cruzarbracos_4.png */ = {isa = PBXFileReference; lastKnownFileType = image.png; path = S1_cruzarbracos_4.png; sourceTree = "<group>"; };
		F2B21FEF196F81C400E021D5 /* S1_espreguicar_1.png */ = {isa = PBXFileReference; lastKnownFileType = image.png; path = S1_espreguicar_1.png; sourceTree = "<group>"; };
		F2B21FF0196F81C400E021D5 /* S1_flexaotronco_6_v2.png */ = {isa = PBXFileReference; lastKnownFileType = image.png; path = S1_flexaotronco_6_v2.png; sourceTree = "<group>"; };
		F2B21FF1196F81C400E021D5 /* S1_inclinacaocabeca_3.png */ = {isa = PBXFileReference; lastKnownFileType = image.png; path = S1_inclinacaocabeca_3.png; sourceTree = "<group>"; };
		F2B21FF2196F81C400E021D5 /* S1_rotacaocabeca_2.png */ = {isa = PBXFileReference; lastKnownFileType = image.png; path = S1_rotacaocabeca_2.png; sourceTree = "<group>"; };
		F2B21FF3196F81C400E021D5 /* S1_rotacaotronco_7.png */ = {isa = PBXFileReference; lastKnownFileType = image.png; path = S1_rotacaotronco_7.png; sourceTree = "<group>"; };
		F2B21FFB196F9DF100E021D5 /* G4LSerieCell.h */ = {isa = PBXFileReference; fileEncoding = 4; lastKnownFileType = sourcecode.c.h; path = G4LSerieCell.h; sourceTree = "<group>"; };
		F2B21FFC196F9DF100E021D5 /* G4LSerieCell.m */ = {isa = PBXFileReference; fileEncoding = 4; lastKnownFileType = sourcecode.c.objc; path = G4LSerieCell.m; sourceTree = "<group>"; };
		F2B21FFD196F9DF100E021D5 /* G4LSerieCell.xib */ = {isa = PBXFileReference; fileEncoding = 4; lastKnownFileType = file.xib; path = G4LSerieCell.xib; sourceTree = "<group>"; };
		F2B2200E196FB5D400E021D5 /* S2_bracoalternado_4.png */ = {isa = PBXFileReference; lastKnownFileType = image.png; path = S2_bracoalternado_4.png; sourceTree = "<group>"; };
		F2B2200F196FB5D400E021D5 /* S2_deslocamentolateral_5.png */ = {isa = PBXFileReference; lastKnownFileType = image.png; path = S2_deslocamentolateral_5.png; sourceTree = "<group>"; };
		F2B22010196FB5D400E021D5 /* S2_espreguicar_1.png */ = {isa = PBXFileReference; lastKnownFileType = image.png; path = S2_espreguicar_1.png; sourceTree = "<group>"; };
		F2B22011196FB5D400E021D5 /* S2_flexaobraco_6.png */ = {isa = PBXFileReference; lastKnownFileType = image.png; path = S2_flexaobraco_6.png; sourceTree = "<group>"; };
		F2B22012196FB5D400E021D5 /* S2_flexaolateral_3.png */ = {isa = PBXFileReference; lastKnownFileType = image.png; path = S2_flexaolateral_3.png; sourceTree = "<group>"; };
		F2B22013196FB5D400E021D5 /* S2_variacaoextensaopulso_2_V2.png */ = {isa = PBXFileReference; lastKnownFileType = image.png; path = S2_variacaoextensaopulso_2_V2.png; sourceTree = "<group>"; };
		F2B22014196FB5D400E021D5 /* S2_variacaoextensaopulso_2.png */ = {isa = PBXFileReference; lastKnownFileType = image.png; path = S2_variacaoextensaopulso_2.png; sourceTree = "<group>"; };
/* End PBXFileReference section */

/* Begin PBXFrameworksBuildPhase section */
		360EF1E61937CC82007FB699 /* Frameworks */ = {
			isa = PBXFrameworksBuildPhase;
			buildActionMask = 2147483647;
			files = (
				360EF1EF1937CC82007FB699 /* CoreGraphics.framework in Frameworks */,
				360EF1F11937CC82007FB699 /* UIKit.framework in Frameworks */,
				360EF1ED1937CC82007FB699 /* Foundation.framework in Frameworks */,
			);
			runOnlyForDeploymentPostprocessing = 0;
		};
		360EF2011937CC82007FB699 /* Frameworks */ = {
			isa = PBXFrameworksBuildPhase;
			buildActionMask = 2147483647;
			files = (
				360EF2061937CC82007FB699 /* XCTest.framework in Frameworks */,
				360EF2081937CC82007FB699 /* UIKit.framework in Frameworks */,
				360EF2071937CC82007FB699 /* Foundation.framework in Frameworks */,
			);
			runOnlyForDeploymentPostprocessing = 0;
		};
/* End PBXFrameworksBuildPhase section */

/* Begin PBXGroup section */
		360EF1E01937CC82007FB699 = {
			isa = PBXGroup;
			children = (
				360EF1F21937CC82007FB699 /* gym4life */,
				360EF20B1937CC82007FB699 /* gym4lifeTests */,
				360EF1EB1937CC82007FB699 /* Frameworks */,
				360EF1EA1937CC82007FB699 /* Products */,
			);
			sourceTree = "<group>";
		};
		360EF1EA1937CC82007FB699 /* Products */ = {
			isa = PBXGroup;
			children = (
				360EF1E91937CC82007FB699 /* gym4life.app */,
				360EF2041937CC82007FB699 /* gym4lifeTests.xctest */,
			);
			name = Products;
			sourceTree = "<group>";
		};
		360EF1EB1937CC82007FB699 /* Frameworks */ = {
			isa = PBXGroup;
			children = (
				360EF1EC1937CC82007FB699 /* Foundation.framework */,
				360EF1EE1937CC82007FB699 /* CoreGraphics.framework */,
				360EF1F01937CC82007FB699 /* UIKit.framework */,
				360EF2051937CC82007FB699 /* XCTest.framework */,
			);
			name = Frameworks;
			sourceTree = "<group>";
		};
		360EF1F21937CC82007FB699 /* gym4life */ = {
			isa = PBXGroup;
			children = (
				F2B21FAD196F648300E021D5 /* View */,
				F2B21FAC196F645C00E021D5 /* Model */,
				F2B21FAB196F644A00E021D5 /* Main */,
				360EF2261937D48C007FB699 /* Resources */,
				360EF1FB1937CC82007FB699 /* G4LAppDelegate.h */,
				360EF1FC1937CC82007FB699 /* G4LAppDelegate.m */,
				360EF1FE1937CC82007FB699 /* Images.xcassets */,
				360EF1F31937CC82007FB699 /* Supporting Files */,
			);
			path = gym4life;
			sourceTree = "<group>";
		};
		360EF1F31937CC82007FB699 /* Supporting Files */ = {
			isa = PBXGroup;
			children = (
				360EF1F41937CC82007FB699 /* gym4life-Info.plist */,
				360EF1F51937CC82007FB699 /* InfoPlist.strings */,
				360EF1F81937CC82007FB699 /* main.m */,
				360EF1FA1937CC82007FB699 /* gym4life-Prefix.pch */,
			);
			name = "Supporting Files";
			sourceTree = "<group>";
		};
		360EF20B1937CC82007FB699 /* gym4lifeTests */ = {
			isa = PBXGroup;
			children = (
				360EF2111937CC82007FB699 /* gym4lifeTests.m */,
				360EF20C1937CC82007FB699 /* Supporting Files */,
			);
			path = gym4lifeTests;
			sourceTree = "<group>";
		};
		360EF20C1937CC82007FB699 /* Supporting Files */ = {
			isa = PBXGroup;
			children = (
				360EF20D1937CC82007FB699 /* gym4lifeTests-Info.plist */,
				360EF20E1937CC82007FB699 /* InfoPlist.strings */,
			);
			name = "Supporting Files";
			sourceTree = "<group>";
		};
		360EF2261937D48C007FB699 /* Resources */ = {
			isa = PBXGroup;
			children = (
				F2B21FEA196F785900E021D5 /* Imagens */,
				F207D110196F5913009DEE99 /* exercicio_teste.jpg */,
				0F99B840193F995800097873 /* series.plist */,
				F2913A831965E18300D7BD71 /* numeroSerieEscolhida.plist */,
			);
			name = Resources;
			sourceTree = "<group>";
		};
		F2B21FAB196F644A00E021D5 /* Main */ = {
			isa = PBXGroup;
			children = (
				360EF21B1937CCCD007FB699 /* G4LViewPrincipal.h */,
				360EF21C1937CCCD007FB699 /* G4LViewPrincipal.m */,
				360EF21D1937CCCD007FB699 /* G4LViewPrincipal.xib */,
			);
			name = Main;
			sourceTree = "<group>";
		};
		F2B21FAC196F645C00E021D5 /* Model */ = {
			isa = PBXGroup;
			children = (
				43F75F36194F7EF200B4704A /* G4LSerie.h */,
				360EF2201937D289007FB699 /* G4LSeries.h */,
				360EF2211937D289007FB699 /* G4LSeries.m */,
				360EF2231937D2AF007FB699 /* G4LExercicio.h */,
				360EF2241937D2AF007FB699 /* G4LExercicio.m */,
			);
			name = Model;
			sourceTree = "<group>";
		};
		F2B21FAD196F648300E021D5 /* View */ = {
			isa = PBXGroup;
			children = (
				F2B21FAE196F64EC00E021D5 /* xib */,
				43F75F39194F7EFC00B4704A /* G4LViewConfig.h */,
				43F75F3A194F7EFC00B4704A /* G4LViewConfig.m */,
				43F75F3C194F7EFC00B4704A /* G4LViewConfigHora.h */,
				43F75F3D194F7EFC00B4704A /* G4LViewConfigHora.m */,
				43F75F3F194F7EFC00B4704A /* G4LViewControllerSerie.h */,
				43F75F40194F7EFC00B4704A /* G4LViewControllerSerie.m */,
				43F75F33194F7EF200B4704A /* G4LMostraSerie.h */,
				43F75F34194F7EF200B4704A /* G4LMostraSerie.m */,
			);
			name = View;
			sourceTree = "<group>";
		};
		F2B21FAE196F64EC00E021D5 /* xib */ = {
			isa = PBXGroup;
			children = (
				43F75F3B194F7EFC00B4704A /* G4LViewConfig.xib */,
				43F75F41194F7EFC00B4704A /* G4LViewControllerSerie.xib */,
				43F75F35194F7EF200B4704A /* G4LMostraSerie.xib */,
				43F75F3E194F7EFC00B4704A /* G4LViewConfigHora.xib */,
				F2B21FFB196F9DF100E021D5 /* G4LSerieCell.h */,
				F2B21FFC196F9DF100E021D5 /* G4LSerieCell.m */,
				F2B21FFD196F9DF100E021D5 /* G4LSerieCell.xib */,
			);
			name = xib;
			sourceTree = "<group>";
		};
		F2B21FEA196F785900E021D5 /* Imagens */ = {
			isa = PBXGroup;
			children = (
				F2B21FEC196F786F00E021D5 /* Serie 2 */,
				F2B21FEB196F786500E021D5 /* Serie1 */,
			);
			name = Imagens;
			sourceTree = "<group>";
		};
		F2B21FEB196F786500E021D5 /* Serie1 */ = {
			isa = PBXGroup;
			children = (
				F2B21FED196F81C400E021D5 /* S1_abducaoombro_5.png */,
				F2B21FEE196F81C400E021D5 /* S1_cruzarbracos_4.png */,
				F2B21FEF196F81C400E021D5 /* S1_espreguicar_1.png */,
				F2B21FF0196F81C400E021D5 /* S1_flexaotronco_6_v2.png */,
				F2B21FF1196F81C400E021D5 /* S1_inclinacaocabeca_3.png */,
				F2B21FF2196F81C400E021D5 /* S1_rotacaocabeca_2.png */,
				F2B21FF3196F81C400E021D5 /* S1_rotacaotronco_7.png */,
			);
			name = Serie1;
			sourceTree = "<group>";
		};
		F2B21FEC196F786F00E021D5 /* Serie 2 */ = {
			isa = PBXGroup;
			children = (
				F2B2200E196FB5D400E021D5 /* S2_bracoalternado_4.png */,
				F2B2200F196FB5D400E021D5 /* S2_deslocamentolateral_5.png */,
				F2B22010196FB5D400E021D5 /* S2_espreguicar_1.png */,
				F2B22011196FB5D400E021D5 /* S2_flexaobraco_6.png */,
				F2B22012196FB5D400E021D5 /* S2_flexaolateral_3.png */,
				F2B22013196FB5D400E021D5 /* S2_variacaoextensaopulso_2_V2.png */,
				F2B22014196FB5D400E021D5 /* S2_variacaoextensaopulso_2.png */,
			);
			name = "Serie 2";
			sourceTree = "<group>";
		};
/* End PBXGroup section */

/* Begin PBXNativeTarget section */
		360EF1E81937CC82007FB699 /* gym4life */ = {
			isa = PBXNativeTarget;
			buildConfigurationList = 360EF2151937CC82007FB699 /* Build configuration list for PBXNativeTarget "gym4life" */;
			buildPhases = (
				360EF1E51937CC82007FB699 /* Sources */,
				360EF1E61937CC82007FB699 /* Frameworks */,
				360EF1E71937CC82007FB699 /* Resources */,
			);
			buildRules = (
			);
			dependencies = (
			);
			name = gym4life;
			productName = gym4life;
			productReference = 360EF1E91937CC82007FB699 /* gym4life.app */;
			productType = "com.apple.product-type.application";
		};
		360EF2031937CC82007FB699 /* gym4lifeTests */ = {
			isa = PBXNativeTarget;
			buildConfigurationList = 360EF2181937CC82007FB699 /* Build configuration list for PBXNativeTarget "gym4lifeTests" */;
			buildPhases = (
				360EF2001937CC82007FB699 /* Sources */,
				360EF2011937CC82007FB699 /* Frameworks */,
				360EF2021937CC82007FB699 /* Resources */,
			);
			buildRules = (
			);
			dependencies = (
				360EF20A1937CC82007FB699 /* PBXTargetDependency */,
			);
			name = gym4lifeTests;
			productName = gym4lifeTests;
			productReference = 360EF2041937CC82007FB699 /* gym4lifeTests.xctest */;
			productType = "com.apple.product-type.bundle.unit-test";
		};
/* End PBXNativeTarget section */

/* Begin PBXProject section */
		360EF1E11937CC82007FB699 /* Project object */ = {
			isa = PBXProject;
			attributes = {
				CLASSPREFIX = G4L;
				LastUpgradeCheck = 0510;
				ORGANIZATIONNAME = "willie santos";
				TargetAttributes = {
					360EF2031937CC82007FB699 = {
						TestTargetID = 360EF1E81937CC82007FB699;
					};
				};
			};
			buildConfigurationList = 360EF1E41937CC82007FB699 /* Build configuration list for PBXProject "gym4life" */;
			compatibilityVersion = "Xcode 3.2";
			developmentRegion = English;
			hasScannedForEncodings = 0;
			knownRegions = (
				en,
			);
			mainGroup = 360EF1E01937CC82007FB699;
			productRefGroup = 360EF1EA1937CC82007FB699 /* Products */;
			projectDirPath = "";
			projectRoot = "";
			targets = (
				360EF1E81937CC82007FB699 /* gym4life */,
				360EF2031937CC82007FB699 /* gym4lifeTests */,
			);
		};
/* End PBXProject section */

/* Begin PBXResourcesBuildPhase section */
		360EF1E71937CC82007FB699 /* Resources */ = {
			isa = PBXResourcesBuildPhase;
			buildActionMask = 2147483647;
			files = (
				43F75F45194F7EFC00B4704A /* G4LViewConfigHora.xib in Resources */,
				F2B21FF6196F81C400E021D5 /* S1_espreguicar_1.png in Resources */,
				F2B21FF8196F81C400E021D5 /* S1_inclinacaocabeca_3.png in Resources */,
				F2B21FF7196F81C400E021D5 /* S1_flexaotronco_6_v2.png in Resources */,
				43F75F47194F7EFC00B4704A /* G4LViewControllerSerie.xib in Resources */,
				F2B22017196FB5D400E021D5 /* S2_espreguicar_1.png in Resources */,
				F2B21FF9196F81C400E021D5 /* S1_rotacaocabeca_2.png in Resources */,
				F2B22016196FB5D400E021D5 /* S2_deslocamentolateral_5.png in Resources */,
				F2B21FFA196F81C400E021D5 /* S1_rotacaotronco_7.png in Resources */,
				F2B22015196FB5D400E021D5 /* S2_bracoalternado_4.png in Resources */,
				360EF1F71937CC82007FB699 /* InfoPlist.strings in Resources */,
				F207D111196F5913009DEE99 /* exercicio_teste.jpg in Resources */,
				43F75F38194F7EF200B4704A /* G4LMostraSerie.xib in Resources */,
				F2913A841965E18300D7BD71 /* numeroSerieEscolhida.plist in Resources */,
				43F75F43194F7EFC00B4704A /* G4LViewConfig.xib in Resources */,
				0F99B841193F995800097873 /* series.plist in Resources */,
				F2B2201A196FB5D400E021D5 /* S2_variacaoextensaopulso_2_V2.png in Resources */,
				360EF1FF1937CC82007FB699 /* Images.xcassets in Resources */,
				F2B21FFF196F9DF100E021D5 /* G4LSerieCell.xib in Resources */,
				F2B22019196FB5D400E021D5 /* S2_flexaolateral_3.png in Resources */,
				F2B22018196FB5D400E021D5 /* S2_flexaobraco_6.png in Resources */,
				360EF21F1937CCCD007FB699 /* G4LViewPrincipal.xib in Resources */,
				F2B21FF4196F81C400E021D5 /* S1_abducaoombro_5.png in Resources */,
				F2B2201B196FB5D400E021D5 /* S2_variacaoextensaopulso_2.png in Resources */,
				F2B21FF5196F81C400E021D5 /* S1_cruzarbracos_4.png in Resources */,
			);
			runOnlyForDeploymentPostprocessing = 0;
		};
		360EF2021937CC82007FB699 /* Resources */ = {
			isa = PBXResourcesBuildPhase;
			buildActionMask = 2147483647;
			files = (
				360EF2101937CC82007FB699 /* InfoPlist.strings in Resources */,
			);
			runOnlyForDeploymentPostprocessing = 0;
		};
/* End PBXResourcesBuildPhase section */

/* Begin PBXSourcesBuildPhase section */
		360EF1E51937CC82007FB699 /* Sources */ = {
			isa = PBXSourcesBuildPhase;
			buildActionMask = 2147483647;
			files = (
				43F75F44194F7EFC00B4704A /* G4LViewConfigHora.m in Sources */,
				360EF2251937D2AF007FB699 /* G4LExercicio.m in Sources */,
				360EF2221937D289007FB699 /* G4LSeries.m in Sources */,
				43F75F37194F7EF200B4704A /* G4LMostraSerie.m in Sources */,
				43F75F46194F7EFC00B4704A /* G4LViewControllerSerie.m in Sources */,
				360EF1FD1937CC82007FB699 /* G4LAppDelegate.m in Sources */,
				43F75F42194F7EFC00B4704A /* G4LViewConfig.m in Sources */,
				360EF1F91937CC82007FB699 /* main.m in Sources */,
				F2B21FFE196F9DF100E021D5 /* G4LSerieCell.m in Sources */,
				360EF21E1937CCCD007FB699 /* G4LViewPrincipal.m in Sources */,
			);
			runOnlyForDeploymentPostprocessing = 0;
		};
		360EF2001937CC82007FB699 /* Sources */ = {
			isa = PBXSourcesBuildPhase;
			buildActionMask = 2147483647;
			files = (
				360EF2121937CC82007FB699 /* gym4lifeTests.m in Sources */,
			);
			runOnlyForDeploymentPostprocessing = 0;
		};
/* End PBXSourcesBuildPhase section */

/* Begin PBXTargetDependency section */
		360EF20A1937CC82007FB699 /* PBXTargetDependency */ = {
			isa = PBXTargetDependency;
			target = 360EF1E81937CC82007FB699 /* gym4life */;
			targetProxy = 360EF2091937CC82007FB699 /* PBXContainerItemProxy */;
		};
/* End PBXTargetDependency section */

/* Begin PBXVariantGroup section */
		360EF1F51937CC82007FB699 /* InfoPlist.strings */ = {
			isa = PBXVariantGroup;
			children = (
				360EF1F61937CC82007FB699 /* en */,
			);
			name = InfoPlist.strings;
			sourceTree = "<group>";
		};
		360EF20E1937CC82007FB699 /* InfoPlist.strings */ = {
			isa = PBXVariantGroup;
			children = (
				360EF20F1937CC82007FB699 /* en */,
			);
			name = InfoPlist.strings;
			sourceTree = "<group>";
		};
/* End PBXVariantGroup section */

/* Begin XCBuildConfiguration section */
		360EF2131937CC82007FB699 /* Debug */ = {
			isa = XCBuildConfiguration;
			buildSettings = {
				ALWAYS_SEARCH_USER_PATHS = NO;
				CLANG_CXX_LANGUAGE_STANDARD = "gnu++0x";
				CLANG_CXX_LIBRARY = "libc++";
				CLANG_ENABLE_MODULES = YES;
				CLANG_ENABLE_OBJC_ARC = YES;
				CLANG_WARN_BOOL_CONVERSION = YES;
				CLANG_WARN_CONSTANT_CONVERSION = YES;
				CLANG_WARN_DIRECT_OBJC_ISA_USAGE = YES_ERROR;
				CLANG_WARN_EMPTY_BODY = YES;
				CLANG_WARN_ENUM_CONVERSION = YES;
				CLANG_WARN_INT_CONVERSION = YES;
				CLANG_WARN_OBJC_ROOT_CLASS = YES_ERROR;
				CLANG_WARN__DUPLICATE_METHOD_MATCH = YES;
				"CODE_SIGN_IDENTITY[sdk=iphoneos*]" = "iPhone Developer";
				COPY_PHASE_STRIP = NO;
				GCC_C_LANGUAGE_STANDARD = gnu99;
				GCC_DYNAMIC_NO_PIC = NO;
				GCC_OPTIMIZATION_LEVEL = 0;
				GCC_PREPROCESSOR_DEFINITIONS = (
					"DEBUG=1",
					"$(inherited)",
				);
				GCC_SYMBOLS_PRIVATE_EXTERN = NO;
				GCC_WARN_64_TO_32_BIT_CONVERSION = YES;
				GCC_WARN_ABOUT_RETURN_TYPE = YES_ERROR;
				GCC_WARN_UNDECLARED_SELECTOR = YES;
				GCC_WARN_UNINITIALIZED_AUTOS = YES_AGGRESSIVE;
				GCC_WARN_UNUSED_FUNCTION = YES;
				GCC_WARN_UNUSED_VARIABLE = YES;
				IPHONEOS_DEPLOYMENT_TARGET = 7.1;
				ONLY_ACTIVE_ARCH = YES;
				SDKROOT = iphoneos;
				TARGETED_DEVICE_FAMILY = "1,2";
			};
			name = Debug;
		};
		360EF2141937CC82007FB699 /* Release */ = {
			isa = XCBuildConfiguration;
			buildSettings = {
				ALWAYS_SEARCH_USER_PATHS = NO;
				CLANG_CXX_LANGUAGE_STANDARD = "gnu++0x";
				CLANG_CXX_LIBRARY = "libc++";
				CLANG_ENABLE_MODULES = YES;
				CLANG_ENABLE_OBJC_ARC = YES;
				CLANG_WARN_BOOL_CONVERSION = YES;
				CLANG_WARN_CONSTANT_CONVERSION = YES;
				CLANG_WARN_DIRECT_OBJC_ISA_USAGE = YES_ERROR;
				CLANG_WARN_EMPTY_BODY = YES;
				CLANG_WARN_ENUM_CONVERSION = YES;
				CLANG_WARN_INT_CONVERSION = YES;
				CLANG_WARN_OBJC_ROOT_CLASS = YES_ERROR;
				CLANG_WARN__DUPLICATE_METHOD_MATCH = YES;
				"CODE_SIGN_IDENTITY[sdk=iphoneos*]" = "iPhone Developer";
				COPY_PHASE_STRIP = YES;
				ENABLE_NS_ASSERTIONS = NO;
				GCC_C_LANGUAGE_STANDARD = gnu99;
				GCC_WARN_64_TO_32_BIT_CONVERSION = YES;
				GCC_WARN_ABOUT_RETURN_TYPE = YES_ERROR;
				GCC_WARN_UNDECLARED_SELECTOR = YES;
				GCC_WARN_UNINITIALIZED_AUTOS = YES_AGGRESSIVE;
				GCC_WARN_UNUSED_FUNCTION = YES;
				GCC_WARN_UNUSED_VARIABLE = YES;
				IPHONEOS_DEPLOYMENT_TARGET = 7.1;
				SDKROOT = iphoneos;
				TARGETED_DEVICE_FAMILY = "1,2";
				VALIDATE_PRODUCT = YES;
			};
			name = Release;
		};
		360EF2161937CC82007FB699 /* Debug */ = {
			isa = XCBuildConfiguration;
			buildSettings = {
				ASSETCATALOG_COMPILER_APPICON_NAME = AppIcon;
				ASSETCATALOG_COMPILER_LAUNCHIMAGE_NAME = LaunchImage;
				GCC_PRECOMPILE_PREFIX_HEADER = YES;
				GCC_PREFIX_HEADER = "gym4life/gym4life-Prefix.pch";
				INFOPLIST_FILE = "gym4life/gym4life-Info.plist";
				PRODUCT_NAME = "$(TARGET_NAME)";
				WRAPPER_EXTENSION = app;
			};
			name = Debug;
		};
		360EF2171937CC82007FB699 /* Release */ = {
			isa = XCBuildConfiguration;
			buildSettings = {
				ASSETCATALOG_COMPILER_APPICON_NAME = AppIcon;
				ASSETCATALOG_COMPILER_LAUNCHIMAGE_NAME = LaunchImage;
				GCC_PRECOMPILE_PREFIX_HEADER = YES;
				GCC_PREFIX_HEADER = "gym4life/gym4life-Prefix.pch";
				INFOPLIST_FILE = "gym4life/gym4life-Info.plist";
				PRODUCT_NAME = "$(TARGET_NAME)";
				WRAPPER_EXTENSION = app;
			};
			name = Release;
		};
		360EF2191937CC82007FB699 /* Debug */ = {
			isa = XCBuildConfiguration;
			buildSettings = {
				BUNDLE_LOADER = "$(BUILT_PRODUCTS_DIR)/gym4life.app/gym4life";
				FRAMEWORK_SEARCH_PATHS = (
					"$(SDKROOT)/Developer/Library/Frameworks",
					"$(inherited)",
					"$(DEVELOPER_FRAMEWORKS_DIR)",
				);
				GCC_PRECOMPILE_PREFIX_HEADER = YES;
				GCC_PREFIX_HEADER = "gym4life/gym4life-Prefix.pch";
				GCC_PREPROCESSOR_DEFINITIONS = (
					"DEBUG=1",
					"$(inherited)",
				);
				INFOPLIST_FILE = "gym4lifeTests/gym4lifeTests-Info.plist";
				PRODUCT_NAME = "$(TARGET_NAME)";
				TEST_HOST = "$(BUNDLE_LOADER)";
				WRAPPER_EXTENSION = xctest;
			};
			name = Debug;
		};
		360EF21A1937CC82007FB699 /* Release */ = {
			isa = XCBuildConfiguration;
			buildSettings = {
				BUNDLE_LOADER = "$(BUILT_PRODUCTS_DIR)/gym4life.app/gym4life";
				FRAMEWORK_SEARCH_PATHS = (
					"$(SDKROOT)/Developer/Library/Frameworks",
					"$(inherited)",
					"$(DEVELOPER_FRAMEWORKS_DIR)",
				);
				GCC_PRECOMPILE_PREFIX_HEADER = YES;
				GCC_PREFIX_HEADER = "gym4life/gym4life-Prefix.pch";
				INFOPLIST_FILE = "gym4lifeTests/gym4lifeTests-Info.plist";
				PRODUCT_NAME = "$(TARGET_NAME)";
				TEST_HOST = "$(BUNDLE_LOADER)";
				WRAPPER_EXTENSION = xctest;
			};
			name = Release;
		};
/* End XCBuildConfiguration section */

/* Begin XCConfigurationList section */
		360EF1E41937CC82007FB699 /* Build configuration list for PBXProject "gym4life" */ = {
			isa = XCConfigurationList;
			buildConfigurations = (
				360EF2131937CC82007FB699 /* Debug */,
				360EF2141937CC82007FB699 /* Release */,
			);
			defaultConfigurationIsVisible = 0;
			defaultConfigurationName = Release;
		};
		360EF2151937CC82007FB699 /* Build configuration list for PBXNativeTarget "gym4life" */ = {
			isa = XCConfigurationList;
			buildConfigurations = (
				360EF2161937CC82007FB699 /* Debug */,
				360EF2171937CC82007FB699 /* Release */,
			);
			defaultConfigurationIsVisible = 0;
			defaultConfigurationName = Release;
		};
		360EF2181937CC82007FB699 /* Build configuration list for PBXNativeTarget "gym4lifeTests" */ = {
			isa = XCConfigurationList;
			buildConfigurations = (
				360EF2191937CC82007FB699 /* Debug */,
				360EF21A1937CC82007FB699 /* Release */,
			);
			defaultConfigurationIsVisible = 0;
			defaultConfigurationName = Release;
		};
/* End XCConfigurationList section */
	};
	rootObject = 360EF1E11937CC82007FB699 /* Project object */;
}
